
Microsoft Visual Studio Solution File, Format Version 12.00
# Visual Studio Version 16
VisualStudioVersion = 16.0.30907.101
MinimumVisualStudioVersion = 10.0.40219.1
Project("{FAE04EC0-301F-11D3-BF4B-00C04F79EFBC}") = "Module20", "Module20\Module20.csproj", "{63CF86FC-7ED2-467A-912D-DC1330822C7E}"
EndProject
Global
	GlobalSection(SolutionConfigurationPlatforms) = preSolution
		Debug|Any CPU = Debug|Any CPU
		Release|Any CPU = Release|Any CPU
	EndGlobalSection
	GlobalSection(ProjectConfigurationPlatforms) = postSolution
		{63CF86FC-7ED2-467A-912D-DC1330822C7E}.Debug|Any CPU.ActiveCfg = Debug|Any CPU
		{63CF86FC-7ED2-467A-912D-DC1330822C7E}.Debug|Any CPU.Build.0 = Debug|Any CPU
		{63CF86FC-7ED2-467A-912D-DC1330822C7E}.Release|Any CPU.ActiveCfg = Release|Any CPU
		{63CF86FC-7ED2-467A-912D-DC1330822C7E}.Release|Any CPU.Build.0 = Release|Any CPU
	EndGlobalSection
	GlobalSection(SolutionProperties) = preSolution
		HideSolutionNode = FALSE
	EndGlobalSection
	GlobalSection(ExtensibilityGlobals) = postSolution
		SolutionGuid = {544683E5-792E-4016-B32B-E798943DAFD8}
	EndGlobalSection
EndGlobal
